{
  "name": "particles",
  "version": "0.1.0",
  "lockfileVersion": 1,
  "requires": true,
  "dependencies": {
    "p5": {
      "version": "0.10.2",
      "resolved": "https://registry.npmjs.org/p5/-/p5-0.10.2.tgz",
      "integrity": "sha512-kZnC7JllCEnEUTB3sv2iETUg1ulNvB60h3MHb63u7W/nCJc3XIlMGXcKk28cuezdQ7TOlKScm0qmWCsol+302Q=="
    },
    "vue": {
      "version": "2.6.12",
      "resolved": "https://registry.npmjs.org/vue/-/vue-2.6.12.tgz",
      "integrity": "sha512-uhmLFETqPPNyuLLbsKz6ioJ4q7AZHzD8ZVFNATNyICSZouqP2Sz0rotWQC8UNBF6VGSCs5abnKJoStA6JbCbfg=="
    },
    "vue-p5": {
      "version": "0.8.3",
      "resolved": "https://registry.npmjs.org/vue-p5/-/vue-p5-0.8.3.tgz",
      "integrity": "sha512-LA+Uei12s/ihkN7WJ8qEnUK3LWWmDG9eKP1yzli6veFfXGeFKlzyQMe2eTkiaqLeo/kUW0En0oo8cba9BE+GXw==",
      "requires": {
        "p5": "^0.10.2"
      }
    }
  }
}
